{
    "name": "widgets-example",
    "version": "3.0.0",
    "lockfileVersion": 1,
    "requires": true,
    "dependencies": {
        "redux-saga": {
            "version": "0.16.2",
            "resolved": "https://registry.npmjs.org/redux-saga/-/redux-saga-0.16.2.tgz",
            "integrity": "sha512-iIjKnRThI5sKPEASpUvySemjzwqwI13e3qP7oLub+FycCRDysLSAOwt958niZW6LhxfmS6Qm1BzbU70w/Koc4w=="
        }
    }
}