{
	"name": "typescript-example",
	"version": "5.0.0-alpha.0",
	"lockfileVersion": 1,
	"requires": true,
	"dependencies": {
		"@types/jest": {
			"version": "23.3.14",
			"resolved": "https://registry.npmjs.org/@types/jest/-/jest-23.3.14.tgz",
			"integrity": "sha512-Q5hTcfdudEL2yOmluA1zaSyPbzWPmJ3XfSWeP3RyoYvS9hnje1ZyagrZOuQ6+1nQC1Gw+7gap3pLNL3xL6UBug=="
		},
		"@types/react": {
			"version": "16.8.10",
			"resolved": "https://registry.npmjs.org/@types/react/-/react-16.8.10.tgz",
			"integrity": "sha512-7bUQeZKP4XZH/aB4i7k1i5yuwymDu/hnLMhD9NjVZvQQH7ZUgRN3d6iu8YXzx4sN/tNr0bj8jgguk8hhObzGvA==",
			"requires": {
				"@types/prop-types": "*",
				"csstype": "^2.2.0"
			},
			"dependencies": {
				"@types/prop-types": {
					"version": "15.7.0",
					"resolved": "https://registry.npmjs.org/@types/prop-types/-/prop-types-15.7.0.tgz",
					"integrity": "sha512-eItQyV43bj4rR3JPV0Skpl1SncRCdziTEK9/v8VwXmV6d/qOUO8/EuWeHBbCZcsfSHfzI5UyMJLCSXtxxznyZg=="
				},
				"csstype": {
					"version": "2.6.3",
					"resolved": "https://registry.npmjs.org/csstype/-/csstype-2.6.3.tgz",
					"integrity": "sha512-rINUZXOkcBmoHWEyu7JdHu5JMzkGRoMX4ov9830WNgxf5UYxcBUO0QTKAqeJ5EZfSdlrcJYkC8WwfVW7JYi4yg=="
				}
			}
		},
		"@types/react-redux": {
			"version": "6.0.13",
			"resolved": "https://registry.npmjs.org/@types/react-redux/-/react-redux-6.0.13.tgz",
			"integrity": "sha512-69lPYT69CSvzQ75Ut4MfT+oQU9TAjCycdL6BQOrPztqbzdhzSe1d4Qj8vrMkTOm454Xz151zh+YT6S4t2OBopw==",
			"requires": {
				"@types/react": "*",
				"redux": "^4.0.0"
			}
		},
		"redux": {
			"version": "4.0.1",
			"resolved": "https://registry.npmjs.org/redux/-/redux-4.0.1.tgz",
			"integrity": "sha512-R7bAtSkk7nY6O/OYMVR9RiBI+XghjF9rlbl5806HJbQph0LJVHZrU5oaO4q70eUKiqMRqm4y07KLTlMZ2BlVmg==",
			"requires": {
				"loose-envify": "^1.4.0",
				"symbol-observable": "^1.2.0"
			},
			"dependencies": {
				"js-tokens": {
					"version": "4.0.0",
					"resolved": "https://registry.npmjs.org/js-tokens/-/js-tokens-4.0.0.tgz",
					"integrity": "sha512-RdJUflcE3cUzKiMqQgsCu06FPu9UdIJO0beYbPhHN4k6apgJtifcoCtT9bcxOpYBtpD2kCM6Sbzg4CausW/PKQ=="
				},
				"loose-envify": {
					"version": "1.4.0",
					"resolved": "https://registry.npmjs.org/loose-envify/-/loose-envify-1.4.0.tgz",
					"integrity": "sha512-lyuxPGr/Wfhrlem2CL/UcnUc1zcqKAImBDzukY7Y5F/yQiNdko6+fRLevlw1HgMySw7f611UIY408EtxRSoK3Q==",
					"requires": {
						"js-tokens": "^3.0.0 || ^4.0.0"
					}
				},
				"symbol-observable": {
					"version": "1.2.0",
					"resolved": "https://registry.npmjs.org/symbol-observable/-/symbol-observable-1.2.0.tgz",
					"integrity": "sha512-e900nM8RRtGhlV36KGEU9k65K3mPb1WV70OdjfxlG2EAuM1noi/E/BaW/uMhL7bPEssK8QV57vN3esixjUvcXQ=="
				}
			}
		},
		"redux-saga": {
			"version": "0.16.2",
			"resolved": "https://registry.npmjs.org/redux-saga/-/redux-saga-0.16.2.tgz",
			"integrity": "sha512-iIjKnRThI5sKPEASpUvySemjzwqwI13e3qP7oLub+FycCRDysLSAOwt958niZW6LhxfmS6Qm1BzbU70w/Koc4w=="
		},
		"typescript": {
			"version": "3.3.4000",
			"resolved": "https://registry.npmjs.org/typescript/-/typescript-3.3.4000.tgz",
			"integrity": "sha512-jjOcCZvpkl2+z7JFn0yBOoLQyLoIkNZAs/fYJkUG6VKy6zLPHJGfQJYFHzibB6GJaF/8QrcECtlQ5cpvRHSMEA=="
		}
	}
}
